
Microsoft Visual Studio Solution File, Format Version 12.00
# Visual Studio Version 17
VisualStudioVersion = 17.5.33414.496
MinimumVisualStudioVersion = 10.0.40219.1
Project("{FAE04EC0-301F-11D3-BF4B-00C04F79EFBC}") = "sortedList", "sortedList\sortedList.csproj", "{DE39E408-F40A-43E7-98F0-9B1833ABAEE1}"
EndProject
Global
	GlobalSection(SolutionConfigurationPlatforms) = preSolution
		Debug|Any CPU = Debug|Any CPU
		Release|Any CPU = Release|Any CPU
	EndGlobalSection
	GlobalSection(ProjectConfigurationPlatforms) = postSolution
		{DE39E408-F40A-43E7-98F0-9B1833ABAEE1}.Debug|Any CPU.ActiveCfg = Debug|Any CPU
		{DE39E408-F40A-43E7-98F0-9B1833ABAEE1}.Debug|Any CPU.Build.0 = Debug|Any CPU
		{DE39E408-F40A-43E7-98F0-9B1833ABAEE1}.Release|Any CPU.ActiveCfg = Release|Any CPU
		{DE39E408-F40A-43E7-98F0-9B1833ABAEE1}.Release|Any CPU.Build.0 = Release|Any CPU
	EndGlobalSection
	GlobalSection(SolutionProperties) = preSolution
		HideSolutionNode = FALSE
	EndGlobalSection
	GlobalSection(ExtensibilityGlobals) = postSolution
		SolutionGuid = {509F62DF-0760-4193-AF63-6C9E47238900}
	EndGlobalSection
EndGlobal
